// !$*UTF8*$!
{
	archiveVersion = 1;
	classes = {
	};
	objectVersion = 46;
	objects = {

/* Begin PBXBuildFile section */
		8E3305E21E72F6DE00F7DCA9 /* GoogleService-Info.plist in Resources */ = {isa = PBXBuildFile; fileRef = 8E3305E11E72F6DE00F7DCA9 /* GoogleService-Info.plist */; };
		8E3578A11E73279C0047D42C /* Institution.swift in Sources */ = {isa = PBXBuildFile; fileRef = 8E3578A01E73279C0047D42C /* Institution.swift */; };
		8E62BC771E71DAF9004FE7F1 /* Donators.storyboard in Resources */ = {isa = PBXBuildFile; fileRef = 8E62BC761E71DAF9004FE7F1 /* Donators.storyboard */; };
		8E62BC791E71DB0D004FE7F1 /* Institutions.storyboard in Resources */ = {isa = PBXBuildFile; fileRef = 8E62BC781E71DB0D004FE7F1 /* Institutions.storyboard */; };
		8E72BCBB1E76EB2100CB6CB4 /* DAButton.swift in Sources */ = {isa = PBXBuildFile; fileRef = 8E72BCBA1E76EB2100CB6CB4 /* DAButton.swift */; };
		8E9DE4441E70AF4600A0449D /* AppDelegate.swift in Sources */ = {isa = PBXBuildFile; fileRef = 8E9DE4431E70AF4600A0449D /* AppDelegate.swift */; };
		8E9DE4491E70AF4700A0449D /* Main.storyboard in Resources */ = {isa = PBXBuildFile; fileRef = 8E9DE4471E70AF4700A0449D /* Main.storyboard */; };
		8E9DE44B1E70AF4700A0449D /* Assets.xcassets in Resources */ = {isa = PBXBuildFile; fileRef = 8E9DE44A1E70AF4700A0449D /* Assets.xcassets */; };
		8E9DE44E1E70AF4700A0449D /* LaunchScreen.storyboard in Resources */ = {isa = PBXBuildFile; fileRef = 8E9DE44C1E70AF4700A0449D /* LaunchScreen.storyboard */; };
		A42AC3E61E7792FA00E4B512 /* DetailInstitutionViewController.swift in Sources */ = {isa = PBXBuildFile; fileRef = A42AC3E51E7792FA00E4B512 /* DetailInstitutionViewController.swift */; };
		A46ABF371E70FC950066764C /* MainViewController.swift in Sources */ = {isa = PBXBuildFile; fileRef = A46ABF361E70FC950066764C /* MainViewController.swift */; };
		A4A1D4481E7448AE00349AF9 /* MyDonationsViewController.swift in Sources */ = {isa = PBXBuildFile; fileRef = A4A1D4471E7448AE00349AF9 /* MyDonationsViewController.swift */; };
		A4A1D44A1E7448C600349AF9 /* NewDonationViewController.swift in Sources */ = {isa = PBXBuildFile; fileRef = A4A1D4491E7448C600349AF9 /* NewDonationViewController.swift */; };
		A4A1D44C1E7448EA00349AF9 /* InstitutionsViewController.swift in Sources */ = {isa = PBXBuildFile; fileRef = A4A1D44B1E7448EA00349AF9 /* InstitutionsViewController.swift */; };
		A4A1D44E1E74492600349AF9 /* DonatorProfileViewController.swift in Sources */ = {isa = PBXBuildFile; fileRef = A4A1D44D1E74492600349AF9 /* DonatorProfileViewController.swift */; };
		A4A1D4521E744A0E00349AF9 /* RequestsViewController.swift in Sources */ = {isa = PBXBuildFile; fileRef = A4A1D4511E744A0E00349AF9 /* RequestsViewController.swift */; };
		A4A1D4571E749FE800349AF9 /* DonationItem.swift in Sources */ = {isa = PBXBuildFile; fileRef = A4A1D4561E749FE800349AF9 /* DonationItem.swift */; };
		A4A1D4591E74A00900349AF9 /* DonatorUser.swift in Sources */ = {isa = PBXBuildFile; fileRef = A4A1D4581E74A00900349AF9 /* DonatorUser.swift */; };
		A4A1D45B1E74A02100349AF9 /* InstitutionUser.swift in Sources */ = {isa = PBXBuildFile; fileRef = A4A1D45A1E74A02100349AF9 /* InstitutionUser.swift */; };
		A4A1D45E1E74B6B300349AF9 /* ItemSelectionDelegate.swift in Sources */ = {isa = PBXBuildFile; fileRef = A4A1D45D1E74B6B300349AF9 /* ItemSelectionDelegate.swift */; };
		D42330E36DCE15B61119A381 /* Pods_donationApp.framework in Frameworks */ = {isa = PBXBuildFile; fileRef = 6B78C679E15418255774C854 /* Pods_donationApp.framework */; };
/* End PBXBuildFile section */

/* Begin PBXFileReference section */
		2D31D09B8875ECBB09C657E0 /* Pods-donationApp.release.xcconfig */ = {isa = PBXFileReference; includeInIndex = 1; lastKnownFileType = text.xcconfig; name = "Pods-donationApp.release.xcconfig"; path = "Pods/Target Support Files/Pods-donationApp/Pods-donationApp.release.xcconfig"; sourceTree = "<group>"; };
		3C8943B3B372EF8EECD134C9 /* Pods-donationApp.debug.xcconfig */ = {isa = PBXFileReference; includeInIndex = 1; lastKnownFileType = text.xcconfig; name = "Pods-donationApp.debug.xcconfig"; path = "Pods/Target Support Files/Pods-donationApp/Pods-donationApp.debug.xcconfig"; sourceTree = "<group>"; };
		6B78C679E15418255774C854 /* Pods_donationApp.framework */ = {isa = PBXFileReference; explicitFileType = wrapper.framework; includeInIndex = 0; path = Pods_donationApp.framework; sourceTree = BUILT_PRODUCTS_DIR; };
		8E3305E11E72F6DE00F7DCA9 /* GoogleService-Info.plist */ = {isa = PBXFileReference; fileEncoding = 4; lastKnownFileType = text.plist.xml; path = "GoogleService-Info.plist"; sourceTree = "<group>"; };
		8E3578A01E73279C0047D42C /* Institution.swift */ = {isa = PBXFileReference; fileEncoding = 4; lastKnownFileType = sourcecode.swift; path = Institution.swift; sourceTree = "<group>"; };
		8E62BC751E719F08004FE7F1 /* donationApp.entitlements */ = {isa = PBXFileReference; lastKnownFileType = text.plist.entitlements; path = donationApp.entitlements; sourceTree = "<group>"; };
		8E62BC761E71DAF9004FE7F1 /* Donators.storyboard */ = {isa = PBXFileReference; fileEncoding = 4; lastKnownFileType = file.storyboard; path = Donators.storyboard; sourceTree = "<group>"; };
		8E62BC781E71DB0D004FE7F1 /* Institutions.storyboard */ = {isa = PBXFileReference; fileEncoding = 4; lastKnownFileType = file.storyboard; path = Institutions.storyboard; sourceTree = "<group>"; };
		8E72BCBA1E76EB2100CB6CB4 /* DAButton.swift */ = {isa = PBXFileReference; fileEncoding = 4; lastKnownFileType = sourcecode.swift; path = DAButton.swift; sourceTree = "<group>"; };
		8E9DE4401E70AF4600A0449D /* donationApp.app */ = {isa = PBXFileReference; explicitFileType = wrapper.application; includeInIndex = 0; path = donationApp.app; sourceTree = BUILT_PRODUCTS_DIR; };
		8E9DE4431E70AF4600A0449D /* AppDelegate.swift */ = {isa = PBXFileReference; lastKnownFileType = sourcecode.swift; path = AppDelegate.swift; sourceTree = "<group>"; };
		8E9DE4481E70AF4700A0449D /* Base */ = {isa = PBXFileReference; lastKnownFileType = file.storyboard; name = Base; path = Base.lproj/Main.storyboard; sourceTree = "<group>"; };
		8E9DE44A1E70AF4700A0449D /* Assets.xcassets */ = {isa = PBXFileReference; lastKnownFileType = folder.assetcatalog; path = Assets.xcassets; sourceTree = "<group>"; };
		8E9DE44D1E70AF4700A0449D /* Base */ = {isa = PBXFileReference; lastKnownFileType = file.storyboard; name = Base; path = Base.lproj/LaunchScreen.storyboard; sourceTree = "<group>"; };
		8E9DE44F1E70AF4700A0449D /* Info.plist */ = {isa = PBXFileReference; lastKnownFileType = text.plist.xml; path = Info.plist; sourceTree = "<group>"; };
		A42AC3E51E7792FA00E4B512 /* DetailInstitutionViewController.swift */ = {isa = PBXFileReference; fileEncoding = 4; lastKnownFileType = sourcecode.swift; path = DetailInstitutionViewController.swift; sourceTree = "<group>"; };
		A46ABF361E70FC950066764C /* MainViewController.swift */ = {isa = PBXFileReference; fileEncoding = 4; lastKnownFileType = sourcecode.swift; path = MainViewController.swift; sourceTree = "<group>"; };
		A4A1D4471E7448AE00349AF9 /* MyDonationsViewController.swift */ = {isa = PBXFileReference; fileEncoding = 4; lastKnownFileType = sourcecode.swift; path = MyDonationsViewController.swift; sourceTree = "<group>"; };
		A4A1D4491E7448C600349AF9 /* NewDonationViewController.swift */ = {isa = PBXFileReference; fileEncoding = 4; lastKnownFileType = sourcecode.swift; path = NewDonationViewController.swift; sourceTree = "<group>"; };
		A4A1D44B1E7448EA00349AF9 /* InstitutionsViewController.swift */ = {isa = PBXFileReference; fileEncoding = 4; lastKnownFileType = sourcecode.swift; path = InstitutionsViewController.swift; sourceTree = "<group>"; };
		A4A1D44D1E74492600349AF9 /* DonatorProfileViewController.swift */ = {isa = PBXFileReference; fileEncoding = 4; lastKnownFileType = sourcecode.swift; path = DonatorProfileViewController.swift; sourceTree = "<group>"; };
		A4A1D4511E744A0E00349AF9 /* RequestsViewController.swift */ = {isa = PBXFileReference; fileEncoding = 4; lastKnownFileType = sourcecode.swift; path = RequestsViewController.swift; sourceTree = "<group>"; };
		A4A1D4561E749FE800349AF9 /* DonationItem.swift */ = {isa = PBXFileReference; fileEncoding = 4; lastKnownFileType = sourcecode.swift; path = DonationItem.swift; sourceTree = "<group>"; };
		A4A1D4581E74A00900349AF9 /* DonatorUser.swift */ = {isa = PBXFileReference; fileEncoding = 4; lastKnownFileType = sourcecode.swift; path = DonatorUser.swift; sourceTree = "<group>"; };
		A4A1D45A1E74A02100349AF9 /* InstitutionUser.swift */ = {isa = PBXFileReference; fileEncoding = 4; lastKnownFileType = sourcecode.swift; path = InstitutionUser.swift; sourceTree = "<group>"; };
		A4A1D45D1E74B6B300349AF9 /* ItemSelectionDelegate.swift */ = {isa = PBXFileReference; fileEncoding = 4; lastKnownFileType = sourcecode.swift; path = ItemSelectionDelegate.swift; sourceTree = "<group>"; };
/* End PBXFileReference section */

/* Begin PBXFrameworksBuildPhase section */
		8E9DE43D1E70AF4600A0449D /* Frameworks */ = {
			isa = PBXFrameworksBuildPhase;
			buildActionMask = 2147483647;
			files = (
				D42330E36DCE15B61119A381 /* Pods_donationApp.framework in Frameworks */,
			);
			runOnlyForDeploymentPostprocessing = 0;
		};
/* End PBXFrameworksBuildPhase section */

/* Begin PBXGroup section */
		8E3305DC1E72EF7A00F7DCA9 /* JSON */ = {
			isa = PBXGroup;
			children = (
			);
			name = JSON;
			sourceTree = "<group>";
		};
		8E6CE25D1E7C2C4100443C10 /* Login */ = {
			isa = PBXGroup;
			children = (
				A46ABF361E70FC950066764C /* MainViewController.swift */,
			);
			name = Login;
			sourceTree = "<group>";
		};
		8E72BCB81E76EA9A00CB6CB4 /* Component */ = {
			isa = PBXGroup;
			children = (
				8E72BCB91E76EAA700CB6CB4 /* DAButton */,
			);
			name = Component;
			sourceTree = "<group>";
		};
		8E72BCB91E76EAA700CB6CB4 /* DAButton */ = {
			isa = PBXGroup;
			children = (
				8E72BCBA1E76EB2100CB6CB4 /* DAButton.swift */,
			);
			name = DAButton;
			sourceTree = "<group>";
		};
		8E9DE4371E70AF4600A0449D = {
			isa = PBXGroup;
			children = (
				8E9DE4421E70AF4600A0449D /* donationApp */,
				8E9DE4411E70AF4600A0449D /* Products */,
				C05A245FECEE3C037F4420C0 /* Pods */,
				D3DB0CEE790B4FD6F255A4BE /* Frameworks */,
			);
			sourceTree = "<group>";
		};
		8E9DE4411E70AF4600A0449D /* Products */ = {
			isa = PBXGroup;
			children = (
				8E9DE4401E70AF4600A0449D /* donationApp.app */,
			);
			name = Products;
			sourceTree = "<group>";
		};
		8E9DE4421E70AF4600A0449D /* donationApp */ = {
			isa = PBXGroup;
			children = (
				8E62BC751E719F08004FE7F1 /* donationApp.entitlements */,
				8E72BCB81E76EA9A00CB6CB4 /* Component */,
				A46ABF351E70F6AA0066764C /* Storyboard */,
				A46ABF331E70F6800066764C /* Model */,
				A46ABF341E70F68A0066764C /* ViewController */,
				A4A1D45C1E74B65300349AF9 /* Protocol */,
				8E3305DC1E72EF7A00F7DCA9 /* JSON */,
				8E9DE4431E70AF4600A0449D /* AppDelegate.swift */,
				8E9DE44A1E70AF4700A0449D /* Assets.xcassets */,
				8E9DE44C1E70AF4700A0449D /* LaunchScreen.storyboard */,
				8E9DE44F1E70AF4700A0449D /* Info.plist */,
				8E3305E11E72F6DE00F7DCA9 /* GoogleService-Info.plist */,
			);
			path = donationApp;
			sourceTree = "<group>";
		};
		A46ABF331E70F6800066764C /* Model */ = {
			isa = PBXGroup;
			children = (
				8E3578A01E73279C0047D42C /* Institution.swift */,
				A4A1D4561E749FE800349AF9 /* DonationItem.swift */,
				A4A1D4581E74A00900349AF9 /* DonatorUser.swift */,
				A4A1D45A1E74A02100349AF9 /* InstitutionUser.swift */,
			);
			name = Model;
			sourceTree = "<group>";
		};
		A46ABF341E70F68A0066764C /* ViewController */ = {
			isa = PBXGroup;
			children = (
				8E6CE25D1E7C2C4100443C10 /* Login */,
				A4A1D4501E74493A00349AF9 /* Donators */,
				A4A1D44F1E74493600349AF9 /* Institutions */,
			);
			name = ViewController;
			sourceTree = "<group>";
		};
		A46ABF351E70F6AA0066764C /* Storyboard */ = {
			isa = PBXGroup;
			children = (
				8E9DE4471E70AF4700A0449D /* Main.storyboard */,
				8E62BC761E71DAF9004FE7F1 /* Donators.storyboard */,
				8E62BC781E71DB0D004FE7F1 /* Institutions.storyboard */,
			);
			name = Storyboard;
			sourceTree = "<group>";
		};
		A4A1D44F1E74493600349AF9 /* Institutions */ = {
			isa = PBXGroup;
			children = (
			);
			name = Institutions;
			sourceTree = "<group>";
		};
		A4A1D4501E74493A00349AF9 /* Donators */ = {
			isa = PBXGroup;
			children = (
				A4A1D4511E744A0E00349AF9 /* RequestsViewController.swift */,
				A4A1D44B1E7448EA00349AF9 /* InstitutionsViewController.swift */,
				A42AC3E51E7792FA00E4B512 /* DetailInstitutionViewController.swift */,
				A4A1D4471E7448AE00349AF9 /* MyDonationsViewController.swift */,
				A4A1D4491E7448C600349AF9 /* NewDonationViewController.swift */,
				A4A1D44D1E74492600349AF9 /* DonatorProfileViewController.swift */,
			);
			name = Donators;
			sourceTree = "<group>";
		};
		A4A1D45C1E74B65300349AF9 /* Protocol */ = {
			isa = PBXGroup;
			children = (
				A4A1D45D1E74B6B300349AF9 /* ItemSelectionDelegate.swift */,
			);
			name = Protocol;
			sourceTree = "<group>";
		};
		C05A245FECEE3C037F4420C0 /* Pods */ = {
			isa = PBXGroup;
			children = (
				3C8943B3B372EF8EECD134C9 /* Pods-donationApp.debug.xcconfig */,
				2D31D09B8875ECBB09C657E0 /* Pods-donationApp.release.xcconfig */,
			);
			name = Pods;
			sourceTree = "<group>";
		};
		D3DB0CEE790B4FD6F255A4BE /* Frameworks */ = {
			isa = PBXGroup;
			children = (
				6B78C679E15418255774C854 /* Pods_donationApp.framework */,
			);
			name = Frameworks;
			sourceTree = "<group>";
		};
/* End PBXGroup section */

/* Begin PBXNativeTarget section */
		8E9DE43F1E70AF4600A0449D /* donationApp */ = {
			isa = PBXNativeTarget;
			buildConfigurationList = 8E9DE4521E70AF4700A0449D /* Build configuration list for PBXNativeTarget "donationApp" */;
			buildPhases = (
				1307CA33A660462508B5BC5A /* [CP] Check Pods Manifest.lock */,
				8E9DE43C1E70AF4600A0449D /* Sources */,
				8E9DE43D1E70AF4600A0449D /* Frameworks */,
				8E9DE43E1E70AF4600A0449D /* Resources */,
				DFB5ADDD2DF89A0FAB1C7B2B /* [CP] Embed Pods Frameworks */,
				38EDFE1BA481093EA07C6843 /* [CP] Copy Pods Resources */,
			);
			buildRules = (
			);
			dependencies = (
			);
			name = donationApp;
			productName = donationApp;
			productReference = 8E9DE4401E70AF4600A0449D /* donationApp.app */;
			productType = "com.apple.product-type.application";
		};
/* End PBXNativeTarget section */

/* Begin PBXProject section */
		8E9DE4381E70AF4600A0449D /* Project object */ = {
			isa = PBXProject;
			attributes = {
				LastSwiftUpdateCheck = 0820;
				LastUpgradeCheck = 0820;
				ORGANIZATIONNAME = PUC;
				TargetAttributes = {
					8E9DE43F1E70AF4600A0449D = {
						CreatedOnToolsVersion = 8.2.1;
						DevelopmentTeam = X3L9YG9572;
						ProvisioningStyle = Automatic;
						SystemCapabilities = {
							com.apple.Keychain = {
								enabled = 1;
							};
						};
					};
				};
			};
			buildConfigurationList = 8E9DE43B1E70AF4600A0449D /* Build configuration list for PBXProject "donationApp" */;
			compatibilityVersion = "Xcode 3.2";
			developmentRegion = English;
			hasScannedForEncodings = 0;
			knownRegions = (
				en,
				Base,
			);
			mainGroup = 8E9DE4371E70AF4600A0449D;
			productRefGroup = 8E9DE4411E70AF4600A0449D /* Products */;
			projectDirPath = "";
			projectRoot = "";
			targets = (
				8E9DE43F1E70AF4600A0449D /* donationApp */,
			);
		};
/* End PBXProject section */

/* Begin PBXResourcesBuildPhase section */
		8E9DE43E1E70AF4600A0449D /* Resources */ = {
			isa = PBXResourcesBuildPhase;
			buildActionMask = 2147483647;
			files = (
				8E62BC791E71DB0D004FE7F1 /* Institutions.storyboard in Resources */,
				8E62BC771E71DAF9004FE7F1 /* Donators.storyboard in Resources */,
				8E9DE44E1E70AF4700A0449D /* LaunchScreen.storyboard in Resources */,
				8E9DE44B1E70AF4700A0449D /* Assets.xcassets in Resources */,
				8E9DE4491E70AF4700A0449D /* Main.storyboard in Resources */,
				8E3305E21E72F6DE00F7DCA9 /* GoogleService-Info.plist in Resources */,
			);
			runOnlyForDeploymentPostprocessing = 0;
		};
/* End PBXResourcesBuildPhase section */

/* Begin PBXShellScriptBuildPhase section */
		1307CA33A660462508B5BC5A /* [CP] Check Pods Manifest.lock */ = {
			isa = PBXShellScriptBuildPhase;
			buildActionMask = 2147483647;
			files = (
			);
			inputPaths = (
			);
			name = "[CP] Check Pods Manifest.lock";
			outputPaths = (
			);
			runOnlyForDeploymentPostprocessing = 0;
			shellPath = /bin/sh;
			shellScript = "diff \"${PODS_ROOT}/../Podfile.lock\" \"${PODS_ROOT}/Manifest.lock\" > /dev/null\nif [ $? != 0 ] ; then\n    # print error to STDERR\n    echo \"error: The sandbox is not in sync with the Podfile.lock. Run 'pod install' or update your CocoaPods installation.\" >&2\n    exit 1\nfi\n";
			showEnvVarsInLog = 0;
		};
		38EDFE1BA481093EA07C6843 /* [CP] Copy Pods Resources */ = {
			isa = PBXShellScriptBuildPhase;
			buildActionMask = 2147483647;
			files = (
			);
			inputPaths = (
			);
			name = "[CP] Copy Pods Resources";
			outputPaths = (
			);
			runOnlyForDeploymentPostprocessing = 0;
			shellPath = /bin/sh;
			shellScript = "\"${SRCROOT}/Pods/Target Support Files/Pods-donationApp/Pods-donationApp-resources.sh\"\n";
			showEnvVarsInLog = 0;
		};
		DFB5ADDD2DF89A0FAB1C7B2B /* [CP] Embed Pods Frameworks */ = {
			isa = PBXShellScriptBuildPhase;
			buildActionMask = 2147483647;
			files = (
			);
			inputPaths = (
			);
			name = "[CP] Embed Pods Frameworks";
			outputPaths = (
			);
			runOnlyForDeploymentPostprocessing = 0;
			shellPath = /bin/sh;
			shellScript = "\"${SRCROOT}/Pods/Target Support Files/Pods-donationApp/Pods-donationApp-frameworks.sh\"\n";
			showEnvVarsInLog = 0;
		};
/* End PBXShellScriptBuildPhase section */

/* Begin PBXSourcesBuildPhase section */
		8E9DE43C1E70AF4600A0449D /* Sources */ = {
			isa = PBXSourcesBuildPhase;
			buildActionMask = 2147483647;
			files = (
				8E3578A11E73279C0047D42C /* Institution.swift in Sources */,
				A46ABF371E70FC950066764C /* MainViewController.swift in Sources */,
				A4A1D45B1E74A02100349AF9 /* InstitutionUser.swift in Sources */,
				A4A1D4521E744A0E00349AF9 /* RequestsViewController.swift in Sources */,
				A4A1D4481E7448AE00349AF9 /* MyDonationsViewController.swift in Sources */,
				A4A1D44A1E7448C600349AF9 /* NewDonationViewController.swift in Sources */,
				A4A1D45E1E74B6B300349AF9 /* ItemSelectionDelegate.swift in Sources */,
				8E72BCBB1E76EB2100CB6CB4 /* DAButton.swift in Sources */,
				A4A1D44C1E7448EA00349AF9 /* InstitutionsViewController.swift in Sources */,
				A4A1D4591E74A00900349AF9 /* DonatorUser.swift in Sources */,
				8E9DE4441E70AF4600A0449D /* AppDelegate.swift in Sources */,
				A4A1D4571E749FE800349AF9 /* DonationItem.swift in Sources */,
				A42AC3E61E7792FA00E4B512 /* DetailInstitutionViewController.swift in Sources */,
				A4A1D44E1E74492600349AF9 /* DonatorProfileViewController.swift in Sources */,
			);
			runOnlyForDeploymentPostprocessing = 0;
		};
/* End PBXSourcesBuildPhase section */

/* Begin PBXVariantGroup section */
		8E9DE4471E70AF4700A0449D /* Main.storyboard */ = {
			isa = PBXVariantGroup;
			children = (
				8E9DE4481E70AF4700A0449D /* Base */,
			);
			name = Main.storyboard;
			sourceTree = "<group>";
		};
		8E9DE44C1E70AF4700A0449D /* LaunchScreen.storyboard */ = {
			isa = PBXVariantGroup;
			children = (
				8E9DE44D1E70AF4700A0449D /* Base */,
			);
			name = LaunchScreen.storyboard;
			sourceTree = "<group>";
		};
/* End PBXVariantGroup section */

/* Begin XCBuildConfiguration section */
		8E9DE4501E70AF4700A0449D /* Debug */ = {
			isa = XCBuildConfiguration;
			buildSettings = {
				ALWAYS_SEARCH_USER_PATHS = NO;
				CLANG_ANALYZER_NONNULL = YES;
				CLANG_CXX_LANGUAGE_STANDARD = "gnu++0x";
				CLANG_CXX_LIBRARY = "libc++";
				CLANG_ENABLE_MODULES = YES;
				CLANG_ENABLE_OBJC_ARC = YES;
				CLANG_WARN_BOOL_CONVERSION = YES;
				CLANG_WARN_CONSTANT_CONVERSION = YES;
				CLANG_WARN_DIRECT_OBJC_ISA_USAGE = YES_ERROR;
				CLANG_WARN_DOCUMENTATION_COMMENTS = YES;
				CLANG_WARN_EMPTY_BODY = YES;
				CLANG_WARN_ENUM_CONVERSION = YES;
				CLANG_WARN_INFINITE_RECURSION = YES;
				CLANG_WARN_INT_CONVERSION = YES;
				CLANG_WARN_OBJC_ROOT_CLASS = YES_ERROR;
				CLANG_WARN_SUSPICIOUS_MOVE = YES;
				CLANG_WARN_UNREACHABLE_CODE = YES;
				CLANG_WARN__DUPLICATE_METHOD_MATCH = YES;
				"CODE_SIGN_IDENTITY[sdk=iphoneos*]" = "iPhone Developer";
				COPY_PHASE_STRIP = NO;
				DEBUG_INFORMATION_FORMAT = dwarf;
				ENABLE_STRICT_OBJC_MSGSEND = YES;
				ENABLE_TESTABILITY = YES;
				GCC_C_LANGUAGE_STANDARD = gnu99;
				GCC_DYNAMIC_NO_PIC = NO;
				GCC_NO_COMMON_BLOCKS = YES;
				GCC_OPTIMIZATION_LEVEL = 0;
				GCC_PREPROCESSOR_DEFINITIONS = (
					"DEBUG=1",
					"$(inherited)",
				);
				GCC_WARN_64_TO_32_BIT_CONVERSION = YES;
				GCC_WARN_ABOUT_RETURN_TYPE = YES_ERROR;
				GCC_WARN_UNDECLARED_SELECTOR = YES;
				GCC_WARN_UNINITIALIZED_AUTOS = YES_AGGRESSIVE;
				GCC_WARN_UNUSED_FUNCTION = YES;
				GCC_WARN_UNUSED_VARIABLE = YES;
				IPHONEOS_DEPLOYMENT_TARGET = 10.2;
				MTL_ENABLE_DEBUG_INFO = YES;
				ONLY_ACTIVE_ARCH = YES;
				SDKROOT = iphoneos;
				SWIFT_ACTIVE_COMPILATION_CONDITIONS = DEBUG;
				SWIFT_OPTIMIZATION_LEVEL = "-Onone";
				TARGETED_DEVICE_FAMILY = "1,2";
			};
			name = Debug;
		};
		8E9DE4511E70AF4700A0449D /* Release */ = {
			isa = XCBuildConfiguration;
			buildSettings = {
				ALWAYS_SEARCH_USER_PATHS = NO;
				CLANG_ANALYZER_NONNULL = YES;
				CLANG_CXX_LANGUAGE_STANDARD = "gnu++0x";
				CLANG_CXX_LIBRARY = "libc++";
				CLANG_ENABLE_MODULES = YES;
				CLANG_ENABLE_OBJC_ARC = YES;
				CLANG_WARN_BOOL_CONVERSION = YES;
				CLANG_WARN_CONSTANT_CONVERSION = YES;
				CLANG_WARN_DIRECT_OBJC_ISA_USAGE = YES_ERROR;
				CLANG_WARN_DOCUMENTATION_COMMENTS = YES;
				CLANG_WARN_EMPTY_BODY = YES;
				CLANG_WARN_ENUM_CONVERSION = YES;
				CLANG_WARN_INFINITE_RECURSION = YES;
				CLANG_WARN_INT_CONVERSION = YES;
				CLANG_WARN_OBJC_ROOT_CLASS = YES_ERROR;
				CLANG_WARN_SUSPICIOUS_MOVE = YES;
				CLANG_WARN_UNREACHABLE_CODE = YES;
				CLANG_WARN__DUPLICATE_METHOD_MATCH = YES;
				"CODE_SIGN_IDENTITY[sdk=iphoneos*]" = "iPhone Developer";
				COPY_PHASE_STRIP = NO;
				DEBUG_INFORMATION_FORMAT = "dwarf-with-dsym";
				ENABLE_NS_ASSERTIONS = NO;
				ENABLE_STRICT_OBJC_MSGSEND = YES;
				GCC_C_LANGUAGE_STANDARD = gnu99;
				GCC_NO_COMMON_BLOCKS = YES;
				GCC_WARN_64_TO_32_BIT_CONVERSION = YES;
				GCC_WARN_ABOUT_RETURN_TYPE = YES_ERROR;
				GCC_WARN_UNDECLARED_SELECTOR = YES;
				GCC_WARN_UNINITIALIZED_AUTOS = YES_AGGRESSIVE;
				GCC_WARN_UNUSED_FUNCTION = YES;
				GCC_WARN_UNUSED_VARIABLE = YES;
				IPHONEOS_DEPLOYMENT_TARGET = 10.2;
				MTL_ENABLE_DEBUG_INFO = NO;
				SDKROOT = iphoneos;
				SWIFT_OPTIMIZATION_LEVEL = "-Owholemodule";
				TARGETED_DEVICE_FAMILY = "1,2";
				VALIDATE_PRODUCT = YES;
			};
			name = Release;
		};
		8E9DE4531E70AF4700A0449D /* Debug */ = {
			isa = XCBuildConfiguration;
			baseConfigurationReference = 3C8943B3B372EF8EECD134C9 /* Pods-donationApp.debug.xcconfig */;
			buildSettings = {
				ASSETCATALOG_COMPILER_APPICON_NAME = AppIcon;
				CODE_SIGN_ENTITLEMENTS = donationApp/donationApp.entitlements;
				"CODE_SIGN_IDENTITY[sdk=iphoneos*]" = "iPhone Developer";
				DEVELOPMENT_TEAM = X3L9YG9572;
				INFOPLIST_FILE = donationApp/Info.plist;
				IPHONEOS_DEPLOYMENT_TARGET = 9.3;
				LD_RUNPATH_SEARCH_PATHS = "$(inherited) @executable_path/Frameworks";
				PRODUCT_BUNDLE_IDENTIFIER = pucminas.donationApp;
				PRODUCT_NAME = "$(TARGET_NAME)";
				SWIFT_VERSION = 3.0;
			};
			name = Debug;
		};
		8E9DE4541E70AF4700A0449D /* Release */ = {
			isa = XCBuildConfiguration;
			baseConfigurationReference = 2D31D09B8875ECBB09C657E0 /* Pods-donationApp.release.xcconfig */;
			buildSettings = {
				ASSETCATALOG_COMPILER_APPICON_NAME = AppIcon;
				CODE_SIGN_ENTITLEMENTS = donationApp/donationApp.entitlements;
				"CODE_SIGN_IDENTITY[sdk=iphoneos*]" = "iPhone Developer";
				DEVELOPMENT_TEAM = X3L9YG9572;
				INFOPLIST_FILE = donationApp/Info.plist;
				IPHONEOS_DEPLOYMENT_TARGET = 9.3;
				LD_RUNPATH_SEARCH_PATHS = "$(inherited) @executable_path/Frameworks";
				PRODUCT_BUNDLE_IDENTIFIER = pucminas.donationApp;
				PRODUCT_NAME = "$(TARGET_NAME)";
				SWIFT_VERSION = 3.0;
			};
			name = Release;
		};
/* End XCBuildConfiguration section */

/* Begin XCConfigurationList section */
		8E9DE43B1E70AF4600A0449D /* Build configuration list for PBXProject "donationApp" */ = {
			isa = XCConfigurationList;
			buildConfigurations = (
				8E9DE4501E70AF4700A0449D /* Debug */,
				8E9DE4511E70AF4700A0449D /* Release */,
			);
			defaultConfigurationIsVisible = 0;
			defaultConfigurationName = Release;
		};
		8E9DE4521E70AF4700A0449D /* Build configuration list for PBXNativeTarget "donationApp" */ = {
			isa = XCConfigurationList;
			buildConfigurations = (
				8E9DE4531E70AF4700A0449D /* Debug */,
				8E9DE4541E70AF4700A0449D /* Release */,
			);
			defaultConfigurationIsVisible = 0;
			defaultConfigurationName = Release;
		};
/* End XCConfigurationList section */
	};
	rootObject = 8E9DE4381E70AF4600A0449D /* Project object */;
}
